
Microsoft Visual Studio Solution File, Format Version 12.00
# Visual Studio Version 17
VisualStudioVersion = 17.4.32804.182
MinimumVisualStudioVersion = 10.0.40219.1
Project("{FAE04EC0-301F-11D3-BF4B-00C04F79EFBC}") = "PassOfficeLibrary", "PassOfficeLibrary\PassOfficeLibrary.csproj", "{71AD066F-56E7-40B3-8EA0-C307112CB065}"
EndProject
Project("{FAE04EC0-301F-11D3-BF4B-00C04F79EFBC}") = "PassOfficeConsole", "PassOfficeConsole\PassOfficeConsole.csproj", "{DCDAE953-014F-4DF6-8DC0-FA723DE58F79}"
EndProject
Global
	GlobalSection(SolutionConfigurationPlatforms) = preSolution
		Debug|Any CPU = Debug|Any CPU
		Release|Any CPU = Release|Any CPU
	EndGlobalSection
	GlobalSection(ProjectConfigurationPlatforms) = postSolution
		{71AD066F-56E7-40B3-8EA0-C307112CB065}.Debug|Any CPU.ActiveCfg = Debug|Any CPU
		{71AD066F-56E7-40B3-8EA0-C307112CB065}.Debug|Any CPU.Build.0 = Debug|Any CPU
		{71AD066F-56E7-40B3-8EA0-C307112CB065}.Release|Any CPU.ActiveCfg = Release|Any CPU
		{71AD066F-56E7-40B3-8EA0-C307112CB065}.Release|Any CPU.Build.0 = Release|Any CPU
		{DCDAE953-014F-4DF6-8DC0-FA723DE58F79}.Debug|Any CPU.ActiveCfg = Debug|Any CPU
		{DCDAE953-014F-4DF6-8DC0-FA723DE58F79}.Debug|Any CPU.Build.0 = Debug|Any CPU
		{DCDAE953-014F-4DF6-8DC0-FA723DE58F79}.Release|Any CPU.ActiveCfg = Release|Any CPU
		{DCDAE953-014F-4DF6-8DC0-FA723DE58F79}.Release|Any CPU.Build.0 = Release|Any CPU
	EndGlobalSection
	GlobalSection(SolutionProperties) = preSolution
		HideSolutionNode = FALSE
	EndGlobalSection
	GlobalSection(ExtensibilityGlobals) = postSolution
		SolutionGuid = {AFCD67C8-F2DC-4ECF-ACE6-1A2ABF97BD91}
	EndGlobalSection
EndGlobal
